
Microsoft Visual Studio Solution File, Format Version 12.00
# Visual Studio Version 17
VisualStudioVersion = 17.0.31903.59
MinimumVisualStudioVersion = 10.0.40219.1
Project("{2150E333-8FDC-42A3-9474-1A3956D46DE8}") = "src", "src", "{7FA853A7-4CF2-4D00-B765-0D1710D5A7EF}"
EndProject
Project("{FAE04EC0-301F-11D3-BF4B-00C04F79EFBC}") = "HuntTheWumpus.Api", "src\HuntTheWumpus.Api\HuntTheWumpus.Api.csproj", "{B6D86900-8439-4753-ACFB-57D2FACF5FAC}"
EndProject
Project("{FAE04EC0-301F-11D3-BF4B-00C04F79EFBC}") = "HuntTheWumpus.Application", "src\HuntTheWumpus.Application\HuntTheWumpus.Application.csproj", "{84374618-92C7-48FF-B296-C9FA3AB1E182}"
EndProject
Project("{FAE04EC0-301F-11D3-BF4B-00C04F79EFBC}") = "HuntTheWumpus.Domain", "src\HuntTheWumpus.Domain\HuntTheWumpus.Domain.csproj", "{F5F64A3E-8C0F-4A83-BF9B-29C77CEEDF74}"
EndProject
Project("{FAE04EC0-301F-11D3-BF4B-00C04F79EFBC}") = "HuntTheWumpus.Infrastructure", "src\HuntTheWumpus.Infrastructure\HuntTheWumpus.Infrastructure.csproj", "{95C161B8-8176-490C-91DA-B53E67C72AC9}"
EndProject
Global
	GlobalSection(SolutionConfigurationPlatforms) = preSolution
		Debug|Any CPU = Debug|Any CPU
		Release|Any CPU = Release|Any CPU
	EndGlobalSection
	GlobalSection(SolutionProperties) = preSolution
		HideSolutionNode = FALSE
	EndGlobalSection
	GlobalSection(ProjectConfigurationPlatforms) = postSolution
		{B6D86900-8439-4753-ACFB-57D2FACF5FAC}.Debug|Any CPU.ActiveCfg = Debug|Any CPU
		{B6D86900-8439-4753-ACFB-57D2FACF5FAC}.Debug|Any CPU.Build.0 = Debug|Any CPU
		{B6D86900-8439-4753-ACFB-57D2FACF5FAC}.Release|Any CPU.ActiveCfg = Release|Any CPU
		{B6D86900-8439-4753-ACFB-57D2FACF5FAC}.Release|Any CPU.Build.0 = Release|Any CPU
		{84374618-92C7-48FF-B296-C9FA3AB1E182}.Debug|Any CPU.ActiveCfg = Debug|Any CPU
		{84374618-92C7-48FF-B296-C9FA3AB1E182}.Debug|Any CPU.Build.0 = Debug|Any CPU
		{84374618-92C7-48FF-B296-C9FA3AB1E182}.Release|Any CPU.ActiveCfg = Release|Any CPU
		{84374618-92C7-48FF-B296-C9FA3AB1E182}.Release|Any CPU.Build.0 = Release|Any CPU
		{F5F64A3E-8C0F-4A83-BF9B-29C77CEEDF74}.Debug|Any CPU.ActiveCfg = Debug|Any CPU
		{F5F64A3E-8C0F-4A83-BF9B-29C77CEEDF74}.Debug|Any CPU.Build.0 = Debug|Any CPU
		{F5F64A3E-8C0F-4A83-BF9B-29C77CEEDF74}.Release|Any CPU.ActiveCfg = Release|Any CPU
		{F5F64A3E-8C0F-4A83-BF9B-29C77CEEDF74}.Release|Any CPU.Build.0 = Release|Any CPU
		{95C161B8-8176-490C-91DA-B53E67C72AC9}.Debug|Any CPU.ActiveCfg = Debug|Any CPU
		{95C161B8-8176-490C-91DA-B53E67C72AC9}.Debug|Any CPU.Build.0 = Debug|Any CPU
		{95C161B8-8176-490C-91DA-B53E67C72AC9}.Release|Any CPU.ActiveCfg = Release|Any CPU
		{95C161B8-8176-490C-91DA-B53E67C72AC9}.Release|Any CPU.Build.0 = Release|Any CPU
	EndGlobalSection
	GlobalSection(NestedProjects) = preSolution
		{B6D86900-8439-4753-ACFB-57D2FACF5FAC} = {7FA853A7-4CF2-4D00-B765-0D1710D5A7EF}
		{84374618-92C7-48FF-B296-C9FA3AB1E182} = {7FA853A7-4CF2-4D00-B765-0D1710D5A7EF}
		{F5F64A3E-8C0F-4A83-BF9B-29C77CEEDF74} = {7FA853A7-4CF2-4D00-B765-0D1710D5A7EF}
		{95C161B8-8176-490C-91DA-B53E67C72AC9} = {7FA853A7-4CF2-4D00-B765-0D1710D5A7EF}
	EndGlobalSection
EndGlobal
