
Microsoft Visual Studio Solution File, Format Version 12.00
# Visual Studio Version 17
VisualStudioVersion = 17.0.31903.59
MinimumVisualStudioVersion = 10.0.40219.1
Project("{FAE04EC0-301F-11D3-BF4B-00C04F79EFBC}") = "HuntTheWumpus.Domain", "HuntTheWumpus.Domain\HuntTheWumpus.Domain.csproj", "{AB8F176E-CE23-49B3-923B-69C01F0B3813}"
EndProject
Project("{FAE04EC0-301F-11D3-BF4B-00C04F79EFBC}") = "HuntTheWumpus.API", "HuntTheWumpus.API\HuntTheWumpus.API.csproj", "{77EFDF0F-FD52-40CE-9EF0-587D269C5CA2}"
EndProject
Project("{FAE04EC0-301F-11D3-BF4B-00C04F79EFBC}") = "HuntTheWumpus.UnitTests", "HuntTheWumpus.UnitTests\HuntTheWumpus.UnitTests.csproj", "{3DE341F3-A951-4319-BEFC-D3193C5E58B6}"
EndProject
Global
	GlobalSection(SolutionConfigurationPlatforms) = preSolution
		Debug|Any CPU = Debug|Any CPU
		Release|Any CPU = Release|Any CPU
	EndGlobalSection
	GlobalSection(SolutionProperties) = preSolution
		HideSolutionNode = FALSE
	EndGlobalSection
	GlobalSection(ProjectConfigurationPlatforms) = postSolution
		{AB8F176E-CE23-49B3-923B-69C01F0B3813}.Debug|Any CPU.ActiveCfg = Debug|Any CPU
		{AB8F176E-CE23-49B3-923B-69C01F0B3813}.Debug|Any CPU.Build.0 = Debug|Any CPU
		{AB8F176E-CE23-49B3-923B-69C01F0B3813}.Release|Any CPU.ActiveCfg = Release|Any CPU
		{AB8F176E-CE23-49B3-923B-69C01F0B3813}.Release|Any CPU.Build.0 = Release|Any CPU
		{77EFDF0F-FD52-40CE-9EF0-587D269C5CA2}.Debug|Any CPU.ActiveCfg = Debug|Any CPU
		{77EFDF0F-FD52-40CE-9EF0-587D269C5CA2}.Debug|Any CPU.Build.0 = Debug|Any CPU
		{77EFDF0F-FD52-40CE-9EF0-587D269C5CA2}.Release|Any CPU.ActiveCfg = Release|Any CPU
		{77EFDF0F-FD52-40CE-9EF0-587D269C5CA2}.Release|Any CPU.Build.0 = Release|Any CPU
		{3DE341F3-A951-4319-BEFC-D3193C5E58B6}.Debug|Any CPU.ActiveCfg = Debug|Any CPU
		{3DE341F3-A951-4319-BEFC-D3193C5E58B6}.Debug|Any CPU.Build.0 = Debug|Any CPU
		{3DE341F3-A951-4319-BEFC-D3193C5E58B6}.Release|Any CPU.ActiveCfg = Release|Any CPU
		{3DE341F3-A951-4319-BEFC-D3193C5E58B6}.Release|Any CPU.Build.0 = Release|Any CPU
	EndGlobalSection
EndGlobal
